
Microsoft Visual Studio Solution File, Format Version 12.00
# Visual Studio 15
VisualStudioVersion = 15.0.28010.2048
MinimumVisualStudioVersion = 10.0.40219.1
Project("{FAE04EC0-301F-11D3-BF4B-00C04F79EFBC}") = "MyPortfolio", "MyPortfolio\MyPortfolio.csproj", "{726FCE0D-E726-4FF7-8838-B266C4ADB6A0}"
EndProject
Global
	GlobalSection(SolutionConfigurationPlatforms) = preSolution
		Debug|Any CPU = Debug|Any CPU
		Release|Any CPU = Release|Any CPU
	EndGlobalSection
	GlobalSection(ProjectConfigurationPlatforms) = postSolution
		{726FCE0D-E726-4FF7-8838-B266C4ADB6A0}.Debug|Any CPU.ActiveCfg = Debug|Any CPU
		{726FCE0D-E726-4FF7-8838-B266C4ADB6A0}.Debug|Any CPU.Build.0 = Debug|Any CPU
		{726FCE0D-E726-4FF7-8838-B266C4ADB6A0}.Release|Any CPU.ActiveCfg = Release|Any CPU
		{726FCE0D-E726-4FF7-8838-B266C4ADB6A0}.Release|Any CPU.Build.0 = Release|Any CPU
	EndGlobalSection
	GlobalSection(SolutionProperties) = preSolution
		HideSolutionNode = FALSE
	EndGlobalSection
	GlobalSection(ExtensibilityGlobals) = postSolution
		SolutionGuid = {973350C0-DC8D-4914-829D-D1161ADFA269}
	EndGlobalSection
EndGlobal
